
Microsoft Visual Studio Solution File, Format Version 12.00
# Visual Studio Version 17
VisualStudioVersion = 17.11.35327.3
MinimumVisualStudioVersion = 10.0.40219.1
Project("{9A19103F-16F7-4668-BE54-9A1E7A4F7556}") = "Bussines", "Bussines\Bussines.csproj", "{9728F604-4925-4921-BE28-73A563FCAC9B}"
EndProject
Project("{9A19103F-16F7-4668-BE54-9A1E7A4F7556}") = "Core", "Core\Core.csproj", "{2112EF6C-D2D8-4201-8ADC-F301582EF3BB}"
EndProject
Project("{9A19103F-16F7-4668-BE54-9A1E7A4F7556}") = "DataAccess", "DataAccess\DataAccess.csproj", "{9081F50D-C2BF-4F55-80CE-542F3A68019B}"
EndProject
Project("{9A19103F-16F7-4668-BE54-9A1E7A4F7556}") = "Entities", "Entities\Entities.csproj", "{5F504B8B-EF36-4B8F-9154-B2222108C6DE}"
EndProject
Project("{9A19103F-16F7-4668-BE54-9A1E7A4F7556}") = "MvcWebUI", "MvcWebUI\MvcWebUI.csproj", "{34A3E8E2-05FC-460F-B8AE-E4FECA19743E}"
EndProject
Project("{9A19103F-16F7-4668-BE54-9A1E7A4F7556}") = "WebAPI", "WebAPI\WebAPI.csproj", "{4D519F9E-F95F-449E-96BC-FBFBCBB59FBA}"
EndProject
Global
	GlobalSection(SolutionConfigurationPlatforms) = preSolution
		Debug|Any CPU = Debug|Any CPU
		Release|Any CPU = Release|Any CPU
	EndGlobalSection
	GlobalSection(ProjectConfigurationPlatforms) = postSolution
		{9728F604-4925-4921-BE28-73A563FCAC9B}.Debug|Any CPU.ActiveCfg = Debug|Any CPU
		{9728F604-4925-4921-BE28-73A563FCAC9B}.Debug|Any CPU.Build.0 = Debug|Any CPU
		{9728F604-4925-4921-BE28-73A563FCAC9B}.Release|Any CPU.ActiveCfg = Release|Any CPU
		{9728F604-4925-4921-BE28-73A563FCAC9B}.Release|Any CPU.Build.0 = Release|Any CPU
		{2112EF6C-D2D8-4201-8ADC-F301582EF3BB}.Debug|Any CPU.ActiveCfg = Debug|Any CPU
		{2112EF6C-D2D8-4201-8ADC-F301582EF3BB}.Debug|Any CPU.Build.0 = Debug|Any CPU
		{2112EF6C-D2D8-4201-8ADC-F301582EF3BB}.Release|Any CPU.ActiveCfg = Release|Any CPU
		{2112EF6C-D2D8-4201-8ADC-F301582EF3BB}.Release|Any CPU.Build.0 = Release|Any CPU
		{9081F50D-C2BF-4F55-80CE-542F3A68019B}.Debug|Any CPU.ActiveCfg = Debug|Any CPU
		{9081F50D-C2BF-4F55-80CE-542F3A68019B}.Debug|Any CPU.Build.0 = Debug|Any CPU
		{9081F50D-C2BF-4F55-80CE-542F3A68019B}.Release|Any CPU.ActiveCfg = Release|Any CPU
		{9081F50D-C2BF-4F55-80CE-542F3A68019B}.Release|Any CPU.Build.0 = Release|Any CPU
		{5F504B8B-EF36-4B8F-9154-B2222108C6DE}.Debug|Any CPU.ActiveCfg = Debug|Any CPU
		{5F504B8B-EF36-4B8F-9154-B2222108C6DE}.Debug|Any CPU.Build.0 = Debug|Any CPU
		{5F504B8B-EF36-4B8F-9154-B2222108C6DE}.Release|Any CPU.ActiveCfg = Release|Any CPU
		{5F504B8B-EF36-4B8F-9154-B2222108C6DE}.Release|Any CPU.Build.0 = Release|Any CPU
		{34A3E8E2-05FC-460F-B8AE-E4FECA19743E}.Debug|Any CPU.ActiveCfg = Debug|Any CPU
		{34A3E8E2-05FC-460F-B8AE-E4FECA19743E}.Debug|Any CPU.Build.0 = Debug|Any CPU
		{34A3E8E2-05FC-460F-B8AE-E4FECA19743E}.Release|Any CPU.ActiveCfg = Release|Any CPU
		{34A3E8E2-05FC-460F-B8AE-E4FECA19743E}.Release|Any CPU.Build.0 = Release|Any CPU
		{4D519F9E-F95F-449E-96BC-FBFBCBB59FBA}.Debug|Any CPU.ActiveCfg = Debug|Any CPU
		{4D519F9E-F95F-449E-96BC-FBFBCBB59FBA}.Debug|Any CPU.Build.0 = Debug|Any CPU
		{4D519F9E-F95F-449E-96BC-FBFBCBB59FBA}.Release|Any CPU.ActiveCfg = Release|Any CPU
		{4D519F9E-F95F-449E-96BC-FBFBCBB59FBA}.Release|Any CPU.Build.0 = Release|Any CPU
	EndGlobalSection
	GlobalSection(SolutionProperties) = preSolution
		HideSolutionNode = FALSE
	EndGlobalSection
	GlobalSection(ExtensibilityGlobals) = postSolution
		SolutionGuid = {9F86107C-B484-4203-850E-5829F4C90057}
	EndGlobalSection
EndGlobal
